
Microsoft Visual Studio Solution File, Format Version 12.00
# Visual Studio Version 17
VisualStudioVersion = 17.8.34525.116
MinimumVisualStudioVersion = 10.0.40219.1
Project("{9A19103F-16F7-4668-BE54-9A1E7A4F7556}") = "BudgetPlanner.API", "BudgetPlanner.API.csproj", "{D8F196E1-DD38-40A2-9067-0B4898F2B190}"
EndProject
Global
	GlobalSection(SolutionConfigurationPlatforms) = preSolution
		Debug|Any CPU = Debug|Any CPU
		Release|Any CPU = Release|Any CPU
	EndGlobalSection
	GlobalSection(ProjectConfigurationPlatforms) = postSolution
		{D8F196E1-DD38-40A2-9067-0B4898F2B190}.Debug|Any CPU.ActiveCfg = Debug|Any CPU
		{D8F196E1-DD38-40A2-9067-0B4898F2B190}.Debug|Any CPU.Build.0 = Debug|Any CPU
		{D8F196E1-DD38-40A2-9067-0B4898F2B190}.Release|Any CPU.ActiveCfg = Release|Any CPU
		{D8F196E1-DD38-40A2-9067-0B4898F2B190}.Release|Any CPU.Build.0 = Release|Any CPU
	EndGlobalSection
	GlobalSection(SolutionProperties) = preSolution
		HideSolutionNode = FALSE
	EndGlobalSection
	GlobalSection(ExtensibilityGlobals) = postSolution
		SolutionGuid = {BD332E19-B66D-4522-96F9-359A8F08BE28}
	EndGlobalSection
EndGlobal
